
Microsoft Visual Studio Solution File, Format Version 12.00
# Visual Studio Version 16
VisualStudioVersion = 16.0.32510.428
MinimumVisualStudioVersion = 10.0.40219.1
Project("{8BC9CEB8-8B4A-11D0-8D11-00A0C91BC942}") = "IL2BOOST", "IL2BOOST\IL2BOOST.vcxproj", "{9F429F44-36D3-443B-8AEF-0E1B9B10F642}"
EndProject
Project("{8BC9CEB8-8B4A-11D0-8D11-00A0C91BC942}") = "IL2BOOST.Launcher", "IL2BOOST.Launcher\IL2BOOST.Launcher.vcxproj", "{07D29981-ED60-4CA0-A262-4C6A9E797101}"
EndProject
Global
	GlobalSection(SolutionConfigurationPlatforms) = preSolution
		Debug|x64 = Debug|x64
		Debug|x86 = Debug|x86
		Release|x64 = Release|x64
		Release|x86 = Release|x86
	EndGlobalSection
	GlobalSection(ProjectConfigurationPlatforms) = postSolution
		{9F429F44-36D3-443B-8AEF-0E1B9B10F642}.Debug|x64.ActiveCfg = Debug|x64
		{9F429F44-36D3-443B-8AEF-0E1B9B10F642}.Debug|x64.Build.0 = Debug|x64
		{9F429F44-36D3-443B-8AEF-0E1B9B10F642}.Debug|x86.ActiveCfg = Debug|Win32
		{9F429F44-36D3-443B-8AEF-0E1B9B10F642}.Debug|x86.Build.0 = Debug|Win32
		{9F429F44-36D3-443B-8AEF-0E1B9B10F642}.Release|x64.ActiveCfg = Release|x64
		{9F429F44-36D3-443B-8AEF-0E1B9B10F642}.Release|x64.Build.0 = Release|x64
		{9F429F44-36D3-443B-8AEF-0E1B9B10F642}.Release|x86.ActiveCfg = Release|Win32
		{9F429F44-36D3-443B-8AEF-0E1B9B10F642}.Release|x86.Build.0 = Release|Win32
		{07D29981-ED60-4CA0-A262-4C6A9E797101}.Debug|x64.ActiveCfg = Debug|x64
		{07D29981-ED60-4CA0-A262-4C6A9E797101}.Debug|x64.Build.0 = Debug|x64
		{07D29981-ED60-4CA0-A262-4C6A9E797101}.Debug|x86.ActiveCfg = Debug|Win32
		{07D29981-ED60-4CA0-A262-4C6A9E797101}.Debug|x86.Build.0 = Debug|Win32
		{07D29981-ED60-4CA0-A262-4C6A9E797101}.Release|x64.ActiveCfg = Release|x64
		{07D29981-ED60-4CA0-A262-4C6A9E797101}.Release|x64.Build.0 = Release|x64
		{07D29981-ED60-4CA0-A262-4C6A9E797101}.Release|x86.ActiveCfg = Release|Win32
		{07D29981-ED60-4CA0-A262-4C6A9E797101}.Release|x86.Build.0 = Release|Win32
	EndGlobalSection
	GlobalSection(SolutionProperties) = preSolution
		HideSolutionNode = FALSE
	EndGlobalSection
	GlobalSection(ExtensibilityGlobals) = postSolution
		SolutionGuid = {4F5D0BEB-687E-4663-A341-D44B312CA584}
	EndGlobalSection
EndGlobal
